{
  "name": "was-api-tests",
  "version": "1.0.0",
  "lockfileVersion": 3,
  "requires": true,
  "packages": {
    "": {
      "name": "was-api-tests",
      "version": "1.0.0",
      "dependencies": {
        "@interop/ed25519-signature": "^7.2.1",
        "@interop/ed25519-verification-key": "^8.1.0",
        "@interop/ezcap": "^7.4.3",
        "@interop/http-client": "^1.0.5",
        "@interop/http-signature-zcap-invoke": "^6.2.6",
        "@interop/was-client": "^0.93.1",
        "@interop/x25519-key-agreement-key": "^5.4.1"
      }
    },
    "node_modules/@digitalbazaar/security-context": {
      "version": "1.0.1",
      "resolved": "https://registry.npmjs.org/@digitalbazaar/security-context/-/security-context-1.0.1.tgz",
      "integrity": "sha512-0WZa6tPiTZZF8leBtQgYAfXQePFQp2z5ivpCEN/iZguYYZ0TB9qRmWtan5XH6mNFuusHtMcyIzAcReyE6rZPhA==",
      "license": "BSD-3-Clause"
    },
    "node_modules/@digitalbazaar/zcap-context": {
      "version": "2.0.1",
      "resolved": "https://registry.npmjs.org/@digitalbazaar/zcap-context/-/zcap-context-2.0.1.tgz",
      "integrity": "sha512-H+5O2QP5XJZuP8D4T2hZStxK3+ynu/yamvQKUTVNTiqAXeWshmEthSTMrX8aS5edgOtJjvdNUNuJ5mePW/DPcQ==",
      "license": "BSD-3-Clause",
      "engines": {
        "node": ">=18"
      }
    },
    "node_modules/@interop/capability-agent": {
      "version": "0.2.1",
      "resolved": "https://registry.npmjs.org/@interop/capability-agent/-/capability-agent-0.2.1.tgz",
      "integrity": "sha512-1CGIyT3wtYEeLzW1zD2Yx8sxiWCBXy7ABfQAgKl2Jlmm5TS/44E+/p2rfJ9+21dpdmsuUDzz1aDgVP0Eshe3VQ==",
      "license": "BSD-3-Clause",
      "dependencies": {
        "@interop/data-integrity-core": "^8.8.0",
        "@interop/ed25519-verification-key": "^8.2.1"
      },
      "engines": {
        "node": ">=24.0"
      }
    },
    "node_modules/@interop/data-integrity-core": {
      "version": "8.8.0",
      "resolved": "https://registry.npmjs.org/@interop/data-integrity-core/-/data-integrity-core-8.8.0.tgz",
      "integrity": "sha512-c5zWCHMfMXmEBbJs8AZXvrvbNKVMnTXBcp5poojUtRhpEi9qHi81jF/F1NmLiVQApIQITpIDyBG7/79WxIjCzA==",
      "license": "MIT",
      "dependencies": {
        "@scure/base": "^2.3.0"
      },
      "engines": {
        "node": ">=24.0"
      }
    },
    "node_modules/@interop/data-integrity-proof": {
      "version": "3.4.7",
      "resolved": "https://registry.npmjs.org/@interop/data-integrity-proof/-/data-integrity-proof-3.4.7.tgz",
      "integrity": "sha512-Rs0AxaZwkMjbCMm5IeVSQXCL7sUCJLBcJ6chnXiymP5CyG3W7KIKxFgF8kOKL5VWu11Rm/XNbT3fa3xxgKYDeA==",
      "license": "MIT",
      "dependencies": {
        "@interop/data-integrity-core": "^8.8.0",
        "@interop/jsonld-signatures": "^11.8.7",
        "@noble/hashes": "^2.2.0",
        "@scure/base": "^2.2.0"
      },
      "engines": {
        "node": ">=24.0"
      }
    },
    "node_modules/@interop/did-method-webvh": {
      "version": "5.12.0",
      "resolved": "https://registry.npmjs.org/@interop/did-method-webvh/-/did-method-webvh-5.12.0.tgz",
      "integrity": "sha512-QEANqs/IWr5UGD1vs3x5/tZWmRlaSUMp3/unZOQ7u8gzH4eLBKPI8AL/r0dmAc2CAvvpVJ5f+hn97KlXXk04Cg==",
      "license": "Apache-2.0",
      "dependencies": {
        "@interop/data-integrity-core": "^8.8.0",
        "@noble/curves": "^2.2.0",
        "@noble/hashes": "^2.2.0",
        "@scure/base": "^2.2.0",
        "json-canonicalize": "3.0.0"
      },
      "engines": {
        "node": ">=22"
      }
    },
    "node_modules/@interop/ecdsa-multikey": {
      "version": "2.4.1",
      "resolved": "https://registry.npmjs.org/@interop/ecdsa-multikey/-/ecdsa-multikey-2.4.1.tgz",
      "integrity": "sha512-5wO80orZPnUKGAQNBWlJqScUyTj+PgUXMIliQS2AM8fg0icu6OZPPteHBTgYbG9kGRxG7/b/wBVviJJNG9IXpQ==",
      "license": "BSD-3-Clause",
      "dependencies": {
        "@interop/data-integrity-core": "^8.8.0",
        "@scure/base": "^2.2.0"
      },
      "engines": {
        "node": ">=24.0"
      }
    },
    "node_modules/@interop/ecdsa-signature": {
      "version": "2.0.8",
      "resolved": "https://registry.npmjs.org/@interop/ecdsa-signature/-/ecdsa-signature-2.0.8.tgz",
      "integrity": "sha512-y6RiyvnithIIYFNBLj6jmrj17pOYFvv0EvwRjXR6bnzcxdxqphNJyWq9xP9U2Fq9ksIMexT/syRvEi1wmW0x7A==",
      "license": "BSD-3-Clause",
      "dependencies": {
        "@interop/ecdsa-multikey": "^2.4.0",
        "@interop/jsonld": "^9.0.3",
        "canonicalize": "^3.0.0",
        "rdf-canonize": "^5.0.0"
      },
      "engines": {
        "node": ">=24.0"
      },
      "peerDependencies": {
        "@interop/jsonld-signatures": "^11.6.7"
      },
      "peerDependenciesMeta": {
        "@interop/jsonld-signatures": {
          "optional": true
        }
      }
    },
    "node_modules/@interop/ed25519-signature": {
      "version": "7.2.3",
      "resolved": "https://registry.npmjs.org/@interop/ed25519-signature/-/ed25519-signature-7.2.3.tgz",
      "integrity": "sha512-71eeJFsVCS03OBQkDg/1sAaxslzaLxmG5RBHoE4FsQxL14xrh9HMnciJXZobPGkB2DlHUeMQ9gRYwPmOCwC6Ng==",
      "license": "BSD-3-Clause",
      "dependencies": {
        "@interop/data-integrity-core": "^8.8.0",
        "@interop/data-integrity-proof": "^3.4.6",
        "@interop/ed25519-verification-key": "^8.2.1",
        "@interop/jsonld": "^9.0.3",
        "canonicalize": "^3.0.0",
        "ed25519-signature-2020-context": "^1.1.0",
        "rdf-canonize": "^5.0.0"
      },
      "engines": {
        "node": ">=24.0"
      },
      "peerDependencies": {
        "@interop/jsonld-signatures": "^11.7.1"
      },
      "peerDependenciesMeta": {
        "@interop/jsonld-signatures": {
          "optional": true
        }
      }
    },
    "node_modules/@interop/ed25519-verification-key": {
      "version": "8.2.1",
      "resolved": "https://registry.npmjs.org/@interop/ed25519-verification-key/-/ed25519-verification-key-8.2.1.tgz",
      "integrity": "sha512-ft1j14xt6uu6T27begDXn15Cb7Mab1OZZOpbQxMhKyRrhKey56i+HMx2Ia53XPimhdXuVAGj7nCEFlcR4yOj1w==",
      "license": "BSD-3-Clause",
      "dependencies": {
        "@interop/data-integrity-core": "^8.8.0",
        "@noble/ed25519": "^3.1.0",
        "@noble/hashes": "^2.2.0",
        "@scure/base": "^2.2.0"
      },
      "engines": {
        "node": ">=20"
      },
      "peerDependencies": {
        "react-native-get-random-values": ">=1.8.0"
      },
      "peerDependenciesMeta": {
        "react-native-get-random-values": {
          "optional": true
        }
      }
    },
    "node_modules/@interop/edv-client": {
      "version": "17.9.2",
      "resolved": "https://registry.npmjs.org/@interop/edv-client/-/edv-client-17.9.2.tgz",
      "integrity": "sha512-DkPHvUCIu/SwAJEKlIMBl+w0zeTaWr3xD1l03J+/nb4uLEZdWpikj7KuSwJUUGYFw3j4FvxHrw5B8LkTLSMfkw==",
      "license": "BSD-3-Clause",
      "dependencies": {
        "@interop/data-integrity-core": "^8.8.0",
        "@interop/http-client": "^1.0.5",
        "@interop/http-signature-zcap-invoke": "^6.2.6",
        "@interop/lru-memoize": "^4.0.3",
        "@interop/minimal-cipher": "^7.10.3",
        "@noble/hashes": "^2.2.0",
        "@scure/base": "^2.2.0",
        "canonicalize": "^3.0.0",
        "split-string": "^6.1.0"
      },
      "engines": {
        "node": ">=24.0"
      },
      "peerDependencies": {
        "react-native-get-random-values": "^2.0.0"
      },
      "peerDependenciesMeta": {
        "react-native-get-random-values": {
          "optional": true
        }
      }
    },
    "node_modules/@interop/ezcap": {
      "version": "7.5.1",
      "resolved": "https://registry.npmjs.org/@interop/ezcap/-/ezcap-7.5.1.tgz",
      "integrity": "sha512-YmakOUFx7yUCj0BmgyHpRTpb7oZnagDuW2M7VOMhuuAgU5/jMjBShBpc0MIY4BjNtFYnC4913qB88R4p1T2l8w==",
      "license": "BSD-3-Clause",
      "dependencies": {
        "@interop/data-integrity-core": "^8.8.0",
        "@interop/data-integrity-proof": "^3.4.7",
        "@interop/ecdsa-signature": "^2.0.8",
        "@interop/http-client": "^1.0.5",
        "@interop/http-signature-zcap-invoke": "^6.3.0",
        "@interop/jsonld-signatures": "^11.8.7",
        "@interop/zcap": "^11.3.3"
      },
      "engines": {
        "node": ">=20.0"
      }
    },
    "node_modules/@interop/http-client": {
      "version": "1.0.5",
      "resolved": "https://registry.npmjs.org/@interop/http-client/-/http-client-1.0.5.tgz",
      "integrity": "sha512-t/zL0+mQOjNkzj6usOv6MCOvG/HVOH1GG8Dbp03ympkf4NVOaJavBBJZuE05Xi1Sp4izmjHydDwnJLlzkZpzXQ==",
      "license": "MIT",
      "dependencies": {
        "ky": "^1.14.3",
        "undici": "^7.3.0"
      },
      "engines": {
        "node": ">=22.12"
      }
    },
    "node_modules/@interop/http-digest-header": {
      "version": "3.2.0",
      "resolved": "https://registry.npmjs.org/@interop/http-digest-header/-/http-digest-header-3.2.0.tgz",
      "integrity": "sha512-auYGT+IfztAkfwwKQh1wDJhaFwDKOTYkKn/GboBkxX6NGel5U+GD8AX7OwJPJV3skGYNsQLc7xoRn4Chlh3ocw==",
      "license": "BSD-3-Clause",
      "dependencies": {
        "@noble/hashes": "^2.4.0"
      },
      "engines": {
        "node": ">=24.0"
      },
      "peerDependencies": {
        "expo-crypto": ">=13"
      },
      "peerDependenciesMeta": {
        "expo-crypto": {
          "optional": true
        }
      }
    },
    "node_modules/@interop/http-signature-header": {
      "version": "5.0.3",
      "resolved": "https://registry.npmjs.org/@interop/http-signature-header/-/http-signature-header-5.0.3.tgz",
      "integrity": "sha512-fe9waxlrnOOSxlpUeQUAHAf1bT0zTQkLF74m1i6/ok8OgMN8IkY07dsPHK6xPEQjSNASerq03spf60VHUVu9+Q==",
      "license": "BSD-3-Clause",
      "engines": {
        "node": ">=14"
      }
    },
    "node_modules/@interop/http-signature-zcap-invoke": {
      "version": "6.3.0",
      "resolved": "https://registry.npmjs.org/@interop/http-signature-zcap-invoke/-/http-signature-zcap-invoke-6.3.0.tgz",
      "integrity": "sha512-cIUdjyfz0EPXAk9b37XVwqDg1yGocTHEVZg/pfq5cm7ZhAmMQkcj1A1uea8x+Y1VHCJ0GmtTQYqf6Nx2gMplEg==",
      "license": "BSD-3-Clause",
      "dependencies": {
        "@interop/data-integrity-core": "^8.8.0",
        "@interop/http-digest-header": "^3.2.0",
        "@interop/http-signature-header": "^5.0.3",
        "pako": "^2.1.0"
      },
      "engines": {
        "node": ">=20"
      }
    },
    "node_modules/@interop/jsonld": {
      "version": "9.0.3",
      "resolved": "https://registry.npmjs.org/@interop/jsonld/-/jsonld-9.0.3.tgz",
      "integrity": "sha512-i25LeKC9a9GBdwVGopwGlzvTQPuq5Ssgvt/Vh3XdNhJ2yIySCZmp+XApKlL14PxnjewFUfRnBO+bpm1qiAZW/A==",
      "license": "BSD-3-Clause",
      "dependencies": {
        "@interop/http-client": "^1.0.4",
        "canonicalize": "^2.1.0",
        "lru-cache": "^6.0.0",
        "rdf-canonize": "^5.0.0"
      },
      "engines": {
        "node": ">=18"
      }
    },
    "node_modules/@interop/jsonld-signatures": {
      "version": "11.8.7",
      "resolved": "https://registry.npmjs.org/@interop/jsonld-signatures/-/jsonld-signatures-11.8.7.tgz",
      "integrity": "sha512-1STYDPvcMV50bBWbRNok6dIVY+zcEwaffgnwertYxNMllofvPcTcT5HLM2kernqyQ4IYM7e8hXkIko1zjGEpyw==",
      "license": "BSD-3-Clause",
      "dependencies": {
        "@digitalbazaar/security-context": "^1.0.1",
        "@interop/data-integrity-core": "^8.8.0",
        "@interop/jsonld": "^9.0.3",
        "fast-text-encoding": "^1.0.6",
        "rdf-canonize": "^5.0.0",
        "serialize-error": "^8.1.0"
      },
      "engines": {
        "node": ">=18"
      }
    },
    "node_modules/@interop/jsonld/node_modules/canonicalize": {
      "version": "2.1.0",
      "resolved": "https://registry.npmjs.org/canonicalize/-/canonicalize-2.1.0.tgz",
      "integrity": "sha512-F705O3xrsUtgt98j7leetNhTWPe+5S72rlL5O4jA1pKqBVQ/dT1O1D6PFxmSXvc0SUOinWS57DKx0I3CHrXJHQ==",
      "license": "Apache-2.0",
      "bin": {
        "canonicalize": "bin/canonicalize.js"
      }
    },
    "node_modules/@interop/lru-memoize": {
      "version": "4.0.3",
      "resolved": "https://registry.npmjs.org/@interop/lru-memoize/-/lru-memoize-4.0.3.tgz",
      "integrity": "sha512-6c8dnoQNIiL25Q4YovC1a44mREO1lzW3F/lmvdwbAMMbhtGGRoQeqo1H4diwNhBzaxRrUMXrAIwbM26POmI/Yg==",
      "license": "MIT",
      "dependencies": {
        "lru-cache": "^11.5.0"
      },
      "engines": {
        "node": ">=24.0"
      }
    },
    "node_modules/@interop/lru-memoize/node_modules/lru-cache": {
      "version": "11.5.3",
      "resolved": "https://registry.npmjs.org/lru-cache/-/lru-cache-11.5.3.tgz",
      "integrity": "sha512-U4N8FgzmWxc8k1VH8Kr6lQg18U7Fjvby6wXHVRX/ZZ7IwWbRMgrRbP0Wrb5q5NVinryp4SQampHKdvtecItxUg==",
      "license": "BlueOak-1.0.0",
      "engines": {
        "node": "20 || >=22"
      }
    },
    "node_modules/@interop/minimal-cipher": {
      "version": "7.10.3",
      "resolved": "https://registry.npmjs.org/@interop/minimal-cipher/-/minimal-cipher-7.10.3.tgz",
      "integrity": "sha512-Fp3c4eQapY59mSD/H1Yl4uMKY5U/F5D6qGNpVLeegNBYdTszjvTtkyJjQh2AFELdOQ8iph67teF6xDCfFrqUsQ==",
      "license": "BSD-3-Clause",
      "dependencies": {
        "@interop/data-integrity-core": "^8.8.0",
        "@interop/ecdsa-multikey": "^2.4.1",
        "@noble/ciphers": "^2.4.0",
        "@noble/curves": "^2.4.0",
        "@scure/base": "^2.4.0",
        "@stablelib/chacha": "^2.0.1",
        "@stablelib/chacha20poly1305": "^2.0.1"
      },
      "engines": {
        "node": ">=24.0"
      }
    },
    "node_modules/@interop/storage-core": {
      "version": "0.35.1",
      "resolved": "https://registry.npmjs.org/@interop/storage-core/-/storage-core-0.35.1.tgz",
      "integrity": "sha512-d2VJUebrhMTk1LZ13xv3QwgocA9rqhWNWtbXRFDEtA02m0jC4QnL+9H1aXGMJxX7D96TxkyFRXxLITjXJhXK9w==",
      "license": "MIT",
      "dependencies": {
        "@interop/data-integrity-core": "^8.8.0"
      },
      "engines": {
        "node": ">=22.0"
      }
    },
    "node_modules/@interop/vh-resource-log": {
      "version": "0.6.1",
      "resolved": "https://registry.npmjs.org/@interop/vh-resource-log/-/vh-resource-log-0.6.1.tgz",
      "integrity": "sha512-BpI671YUckiuvVsi/Ns6rvP3vIo4bBq5iiY0kVsH4v+KLvHeHhu+0zfu0Ed6fs7WRftZVWuEb6EmgbTBBqjqmA==",
      "license": "MIT",
      "dependencies": {
        "@interop/did-method-webvh": "^5.11.1",
        "@interop/storage-core": "^0.28.0"
      },
      "engines": {
        "node": ">=24.0"
      }
    },
    "node_modules/@interop/vh-resource-log/node_modules/@interop/storage-core": {
      "version": "0.28.0",
      "resolved": "https://registry.npmjs.org/@interop/storage-core/-/storage-core-0.28.0.tgz",
      "integrity": "sha512-yP4M/oquqFvFwjqq2YUj7mh7Fs0vcc/UEmVDtHL/P9WkH1EXlGX0I0676Kgjoj5fmxyPXhwup/M/ndmUe1Hl1w==",
      "license": "MIT",
      "dependencies": {
        "@interop/data-integrity-core": "^8.8.0"
      },
      "engines": {
        "node": ">=22.0"
      }
    },
    "node_modules/@interop/was-client": {
      "version": "0.93.1",
      "resolved": "https://registry.npmjs.org/@interop/was-client/-/was-client-0.93.1.tgz",
      "integrity": "sha512-k7xAy3VXf7Oln615PeT7RKN+uJ3JahNuUmK6/aal95lTnM0z63epY1yispOTX+E9IxR2oVaOX1HG0JzY5DDwqw==",
      "license": "MIT",
      "dependencies": {
        "@interop/capability-agent": "^0.2.1",
        "@interop/data-integrity-core": "^8.8.0",
        "@interop/ed25519-signature": "^7.2.3",
        "@interop/edv-client": "^17.9.2",
        "@interop/ezcap": "^7.5.1",
        "@interop/http-client": "^1.0.5",
        "@interop/minimal-cipher": "^7.10.3",
        "@interop/storage-core": "^0.35.1",
        "@interop/vh-resource-log": "^0.6.1",
        "@interop/x25519-key-agreement-key": "^5.4.1",
        "@noble/hashes": "^2.3.0",
        "@scure/base": "^2.3.0",
        "json-canonicalize": "3.0.0"
      },
      "engines": {
        "node": ">=24.0"
      }
    },
    "node_modules/@interop/x25519-key-agreement-key": {
      "version": "5.4.1",
      "resolved": "https://registry.npmjs.org/@interop/x25519-key-agreement-key/-/x25519-key-agreement-key-5.4.1.tgz",
      "integrity": "sha512-4/sL9vP6cwpE/oicx+JvfNrS4PoX10kbJGJRG2eYBkPAKUKqOxvb4z3SODR6334b1Htr5WtOxudPNTxVgutpIg==",
      "license": "BSD-3-Clause",
      "dependencies": {
        "@interop/data-integrity-core": "^8.8.0",
        "@noble/curves": "^2.2.0",
        "@scure/base": "^2.2.0"
      },
      "engines": {
        "node": ">=24.0"
      }
    },
    "node_modules/@interop/zcap": {
      "version": "11.3.3",
      "resolved": "https://registry.npmjs.org/@interop/zcap/-/zcap-11.3.3.tgz",
      "integrity": "sha512-lyPgqQP5jCDj+dIwn0+pqycvQG0Se3OsUSBpACJZJPrZ49iEPK9Bn9EWtletFEahany6URuIx8DoG9E7m7MvEw==",
      "license": "BSD-3-Clause",
      "dependencies": {
        "@digitalbazaar/zcap-context": "^2.0.1",
        "@interop/data-integrity-core": "^8.8.0",
        "@interop/jsonld-signatures": "^11.8.7"
      },
      "engines": {
        "node": ">=24.0"
      }
    },
    "node_modules/@noble/ciphers": {
      "version": "2.4.0",
      "resolved": "https://registry.npmjs.org/@noble/ciphers/-/ciphers-2.4.0.tgz",
      "integrity": "sha512-AnjFn0Jv92laAkvMrghlFZq4qQCIN/4DxFV/eooqtC2YTjB7kBeLMS2T9KJX4Dn+ZVXLOwK0lSgqDtx9gvxtiw==",
      "license": "MIT",
      "engines": {
        "node": ">= 20.19.0"
      },
      "funding": {
        "url": "https://paulmillr.com/funding/"
      }
    },
    "node_modules/@noble/curves": {
      "version": "2.4.0",
      "resolved": "https://registry.npmjs.org/@noble/curves/-/curves-2.4.0.tgz",
      "integrity": "sha512-P4/62zrgfH33CneE3Dn4WhJVA22YUU0eR51wKIan4NVRvwsA0YnPTwWGpNbpuacSujmSFLvyzpyuR30+fbq2Ew==",
      "license": "MIT",
      "dependencies": {
        "@noble/hashes": "2.4.0"
      },
      "engines": {
        "node": ">= 20.19.0"
      },
      "funding": {
        "url": "https://paulmillr.com/funding/"
      }
    },
    "node_modules/@noble/ed25519": {
      "version": "3.2.0",
      "resolved": "https://registry.npmjs.org/@noble/ed25519/-/ed25519-3.2.0.tgz",
      "integrity": "sha512-criDgRlnUA09hchYrTy/JUWPIEap5rZxQe6wDWzRx51oWWpDRcUpuNzlgPxDJaOK6AsW9c0wKcj3rKRv6t+bPQ==",
      "license": "MIT",
      "funding": {
        "url": "https://paulmillr.com/funding/"
      }
    },
    "node_modules/@noble/hashes": {
      "version": "2.4.0",
      "resolved": "https://registry.npmjs.org/@noble/hashes/-/hashes-2.4.0.tgz",
      "integrity": "sha512-X5XaVWZIBCT7HHZGm5I7ZQXDwLG+bGXuSrMQAW+7Zvl87h1kmc1ZB1VSRJcpUfoUrGQp4Fkoxm5kZ+Ms+aW+eA==",
      "license": "MIT",
      "engines": {
        "node": ">= 20.19.0"
      },
      "funding": {
        "url": "https://paulmillr.com/funding/"
      }
    },
    "node_modules/@scure/base": {
      "version": "2.4.0",
      "resolved": "https://registry.npmjs.org/@scure/base/-/base-2.4.0.tgz",
      "integrity": "sha512-thZ1TuJwFwBblOhgsjDKvvGirBxNp+wSvY/DR6tJBJOTDhdAAcHJ8Vbr2eFnqaxeca4+t0i9KBf+uHYGWwZORg==",
      "license": "MIT",
      "funding": {
        "url": "https://paulmillr.com/funding/"
      }
    },
    "node_modules/@stablelib/aead": {
      "version": "2.0.0",
      "resolved": "https://registry.npmjs.org/@stablelib/aead/-/aead-2.0.0.tgz",
      "integrity": "sha512-U/RMANRxbT/ahIpYsPSiFwDFNjADHdnCFfmo09MO1ai2XmerPAOPtMl0qmX7XVvygnACC6ijKDyHBoT2rGyElg==",
      "license": "MIT"
    },
    "node_modules/@stablelib/binary": {
      "version": "2.0.1",
      "resolved": "https://registry.npmjs.org/@stablelib/binary/-/binary-2.0.1.tgz",
      "integrity": "sha512-U9iAO8lXgEDONsA0zPPSgcf3HUBNAqHiJmSHgZz62OvC3Hi2Bhc5kTnQ3S1/L+sthDTHtCMhcEiklmIly6uQ3w==",
      "license": "MIT",
      "dependencies": {
        "@stablelib/int": "^2.0.1"
      }
    },
    "node_modules/@stablelib/chacha": {
      "version": "2.0.1",
      "resolved": "https://registry.npmjs.org/@stablelib/chacha/-/chacha-2.0.1.tgz",
      "integrity": "sha512-lS1FqtNqofxe2vLkRsLli2m3x/XanUyAYRphLhdHumKeIsLbjbCXdCq3Pf/eWiO7G3QlSG5ViqnoVjktzfLWMg==",
      "license": "MIT",
      "dependencies": {
        "@stablelib/binary": "^2.0.1",
        "@stablelib/wipe": "^2.0.1"
      }
    },
    "node_modules/@stablelib/chacha20poly1305": {
      "version": "2.0.1",
      "resolved": "https://registry.npmjs.org/@stablelib/chacha20poly1305/-/chacha20poly1305-2.0.1.tgz",
      "integrity": "sha512-kOoBsXbDPVRlelzXl+5WViycgM19lD7lF3Bc3KWI+DzId0Stc2HlxAfSc+Xpn3RgqSCl1ZNTXr33LegqBhBBaw==",
      "license": "MIT",
      "dependencies": {
        "@stablelib/aead": "^2.0.0",
        "@stablelib/binary": "^2.0.1",
        "@stablelib/chacha": "^2.0.1",
        "@stablelib/constant-time": "^2.0.1",
        "@stablelib/poly1305": "^2.0.1",
        "@stablelib/wipe": "^2.0.1"
      }
    },
    "node_modules/@stablelib/constant-time": {
      "version": "2.0.1",
      "resolved": "https://registry.npmjs.org/@stablelib/constant-time/-/constant-time-2.0.1.tgz",
      "integrity": "sha512-0NWPogffRm+UWBH0+iM5otZmNrVe5OHFIvyoNIVankMAYOQzMwcdVALOVPrB5Ho0dST+Oc3H8/hPh65Z8R/uew==",
      "license": "MIT"
    },
    "node_modules/@stablelib/int": {
      "version": "2.0.1",
      "resolved": "https://registry.npmjs.org/@stablelib/int/-/int-2.0.1.tgz",
      "integrity": "sha512-Ht63fQp3wz/F8U4AlXEPb7hfJOIILs8Lq55jgtD7KueWtyjhVuzcsGLSTAWtZs3XJDZYdF1WcSKn+kBtbzupww==",
      "license": "MIT"
    },
    "node_modules/@stablelib/poly1305": {
      "version": "2.0.1",
      "resolved": "https://registry.npmjs.org/@stablelib/poly1305/-/poly1305-2.0.1.tgz",
      "integrity": "sha512-D8xfZcL/5zeVARJ9I2fZOUCnZvsJx8G4JDQvD+ecsnaCildPtqZDwqqjtOc4cfHAdScrMjOzUVsssjXUTBw3YQ==",
      "license": "MIT",
      "dependencies": {
        "@stablelib/constant-time": "^2.0.1",
        "@stablelib/wipe": "^2.0.1"
      }
    },
    "node_modules/@stablelib/wipe": {
      "version": "2.0.1",
      "resolved": "https://registry.npmjs.org/@stablelib/wipe/-/wipe-2.0.1.tgz",
      "integrity": "sha512-1eU2K9EgOcV4qc9jcP6G72xxZxEm5PfeI5H55l08W95b4oRJaqhmlWRc4xZAm6IVSKhVNxMi66V67hCzzuMTAg==",
      "license": "MIT"
    },
    "node_modules/canonicalize": {
      "version": "3.0.0",
      "resolved": "https://registry.npmjs.org/canonicalize/-/canonicalize-3.0.0.tgz",
      "integrity": "sha512-yYLfHyDMIXRyRqsKBRLX023riFLpXY2YOfdtqKXZRZy9qsfOJ9U+4F9YZL7MEzL5+ziN2x2nlBvY/Voi3EBljA==",
      "license": "Apache-2.0",
      "bin": {
        "canonicalize": "bin/canonicalize.js"
      },
      "engines": {
        "node": ">=18"
      }
    },
    "node_modules/ed25519-signature-2020-context": {
      "version": "1.1.0",
      "resolved": "https://registry.npmjs.org/ed25519-signature-2020-context/-/ed25519-signature-2020-context-1.1.0.tgz",
      "integrity": "sha512-dBGSmoUIK6h2vadDctrDnhhTO01PR2hJk0mRNEfrRDPCjaIwrfy4J+eziEQ9Q1m8By4f/CSRgKM1h53ydKfdNg==",
      "license": "BSD-3-Clause"
    },
    "node_modules/fast-text-encoding": {
      "version": "1.0.6",
      "resolved": "https://registry.npmjs.org/fast-text-encoding/-/fast-text-encoding-1.0.6.tgz",
      "integrity": "sha512-VhXlQgj9ioXCqGstD37E/HBeqEGV/qOD/kmbVG8h5xKBYvM1L3lR1Zn4555cQ8GkYbJa8aJSipLPndE1k6zK2w==",
      "license": "Apache-2.0"
    },
    "node_modules/json-canonicalize": {
      "version": "3.0.0",
      "resolved": "https://registry.npmjs.org/json-canonicalize/-/json-canonicalize-3.0.0.tgz",
      "integrity": "sha512-PW21BtLiKRV7gJcT8jf2X4UNN2AF4c1TYEVug1wAWRQSGBJj7fL+v4NgOkIo54SCBPFDyqzMcOJNhjwywCIBuw==",
      "license": "MIT",
      "engines": {
        "node": ">=8.5"
      }
    },
    "node_modules/ky": {
      "version": "1.14.3",
      "resolved": "https://registry.npmjs.org/ky/-/ky-1.14.3.tgz",
      "integrity": "sha512-9zy9lkjac+TR1c2tG+mkNSVlyOpInnWdSMiue4F+kq8TwJSgv6o8jhLRg8Ho6SnZ9wOYUq/yozts9qQCfk7bIw==",
      "license": "MIT",
      "engines": {
        "node": ">=18"
      },
      "funding": {
        "url": "https://github.com/sindresorhus/ky?sponsor=1"
      }
    },
    "node_modules/lru-cache": {
      "version": "6.0.0",
      "resolved": "https://registry.npmjs.org/lru-cache/-/lru-cache-6.0.0.tgz",
      "integrity": "sha512-Jo6dJ04CmSjuznwJSS3pUeWmd/H0ffTlkXXgwZi+eq1UCmqQwCh+eLsYOYCwY991i2Fah4h1BEMCx4qThGbsiA==",
      "license": "ISC",
      "dependencies": {
        "yallist": "^4.0.0"
      },
      "engines": {
        "node": ">=10"
      }
    },
    "node_modules/pako": {
      "version": "2.2.0",
      "resolved": "https://registry.npmjs.org/pako/-/pako-2.2.0.tgz",
      "integrity": "sha512-zJq6RP/5q+TO2OpFV3FHzlPnFjmkb7Nc99a5SNjJE+uu/PkpChs+NIZSSzbBoD+6kjiISXjfYdwj1ZRQ81dz/w==",
      "funding": [
        {
          "type": "github",
          "url": "https://github.com/sponsors/puzrin"
        },
        {
          "type": "github",
          "url": "https://github.com/sponsors/nodeca"
        }
      ],
      "license": "(MIT AND Zlib)"
    },
    "node_modules/rdf-canonize": {
      "version": "5.0.0",
      "resolved": "https://registry.npmjs.org/rdf-canonize/-/rdf-canonize-5.0.0.tgz",
      "integrity": "sha512-g8OUrgMXAR9ys/ZuJVfBr05sPPoMA7nHIVs8VEvg9QwM5W4GR2qSFEEHjsyHF1eWlBaf8Ev40WNjQFQ+nJTO3w==",
      "license": "BSD-3-Clause",
      "dependencies": {
        "setimmediate": "^1.0.5"
      },
      "engines": {
        "node": ">=18"
      }
    },
    "node_modules/serialize-error": {
      "version": "8.1.0",
      "resolved": "https://registry.npmjs.org/serialize-error/-/serialize-error-8.1.0.tgz",
      "integrity": "sha512-3NnuWfM6vBYoy5gZFvHiYsVbafvI9vZv/+jlIigFn4oP4zjNPK3LhcY0xSCgeb1a5L8jO71Mit9LlNoi2UfDDQ==",
      "license": "MIT",
      "dependencies": {
        "type-fest": "^0.20.2"
      },
      "engines": {
        "node": ">=10"
      },
      "funding": {
        "url": "https://github.com/sponsors/sindresorhus"
      }
    },
    "node_modules/setimmediate": {
      "version": "1.0.5",
      "resolved": "https://registry.npmjs.org/setimmediate/-/setimmediate-1.0.5.tgz",
      "integrity": "sha512-MATJdZp8sLqDl/68LfQmbP8zKPLQNV6BIZoIgrscFDQ+RsvK/BxeDQOgyxKKoh0y/8h3BqVFnCqQ/gd+reiIXA==",
      "license": "MIT"
    },
    "node_modules/split-string": {
      "version": "6.1.0",
      "resolved": "https://registry.npmjs.org/split-string/-/split-string-6.1.0.tgz",
      "integrity": "sha512-9UBdnmnvx2NLLd4bMs7CEKK+wSzbujVv3ONyorkP1o8M3pVJQtXDO1cN19xD1JJs6ltOrtPrkUND0HzLSinUcA==",
      "license": "MIT",
      "engines": {
        "node": ">=8.6"
      }
    },
    "node_modules/type-fest": {
      "version": "0.20.2",
      "resolved": "https://registry.npmjs.org/type-fest/-/type-fest-0.20.2.tgz",
      "integrity": "sha512-Ne+eE4r0/iWnpAxD852z3A+N0Bt5RN//NjJwRd2VFHEmrywxf5vsZlh4R6lixl6B+wz/8d+maTSAkN1FIkI3LQ==",
      "license": "(MIT OR CC0-1.0)",
      "engines": {
        "node": ">=10"
      },
      "funding": {
        "url": "https://github.com/sponsors/sindresorhus"
      }
    },
    "node_modules/undici": {
      "version": "7.30.0",
      "resolved": "https://registry.npmjs.org/undici/-/undici-7.30.0.tgz",
      "integrity": "sha512-dkrQXeHSaoamnItlYbmzG0wFYrM0ZwDxCIg0A7aKjTyyhh9svRzCNFEzV+Vm05/yehjCzjDZ31KXfGEjYSztDQ==",
      "license": "MIT",
      "engines": {
        "node": ">=20.18.1"
      }
    },
    "node_modules/yallist": {
      "version": "4.0.0",
      "resolved": "https://registry.npmjs.org/yallist/-/yallist-4.0.0.tgz",
      "integrity": "sha512-3wdGidZyq5PB084XLES5TpOSRA3wjXAlIWMhum2kRcv/41Sn2emQ0dycQW4uZXLejwKvg6EsvbdlVL+FYEct7A==",
      "license": "ISC"
    }
  }
}
