{
  "name": "dcc-shared-layer",
  "version": "1.0.0",
  "lockfileVersion": 3,
  "requires": true,
  "packages": {
    "": {
      "name": "dcc-shared-layer",
      "version": "1.0.0",
      "dependencies": {
        "@interop/did-method-key": "^7.3.5",
        "@interop/ed25519-signature": "^7.1.4",
        "@interop/ed25519-verification-key": "^8.0.4",
        "@interop/http-signature-zcap-verify": "^12.2.1",
        "@interop/security-document-loader": "^10.0.4"
      },
      "engines": {
        "node": ">=24.0"
      }
    },
    "node_modules/@digitalbazaar/data-integrity-context": {
      "version": "2.0.1",
      "resolved": "https://registry.npmjs.org/@digitalbazaar/data-integrity-context/-/data-integrity-context-2.0.1.tgz",
      "integrity": "sha512-XpXUzId6ZIEaNq9R+Fv3LrArj1bRj0QX3yfYgxi2bGZGIMs8EkdwsQdzTq38cmHXBQz4DASVun7mBtwrEqjf3g==",
      "license": "BSD-3-Clause",
      "engines": {
        "node": ">=18"
      }
    },
    "node_modules/@digitalbazaar/multikey-context": {
      "version": "2.0.1",
      "resolved": "https://registry.npmjs.org/@digitalbazaar/multikey-context/-/multikey-context-2.0.1.tgz",
      "integrity": "sha512-fHuaJNWpHLZH20GQemS+iPUn7/GuZ62UGhpmD9aZuKvN62lrPTeBK1V6C1BvfdIIWRsCqa1CUda+PDZa6d6X1A==",
      "license": "BSD-3-Clause",
      "engines": {
        "node": ">=18"
      }
    },
    "node_modules/@digitalbazaar/security-context": {
      "version": "1.0.1",
      "resolved": "https://registry.npmjs.org/@digitalbazaar/security-context/-/security-context-1.0.1.tgz",
      "integrity": "sha512-0WZa6tPiTZZF8leBtQgYAfXQePFQp2z5ivpCEN/iZguYYZ0TB9qRmWtan5XH6mNFuusHtMcyIzAcReyE6rZPhA==",
      "license": "BSD-3-Clause"
    },
    "node_modules/@digitalbazaar/vc-bitstring-status-list-context": {
      "version": "1.1.0",
      "resolved": "https://registry.npmjs.org/@digitalbazaar/vc-bitstring-status-list-context/-/vc-bitstring-status-list-context-1.1.0.tgz",
      "integrity": "sha512-IULBb2BJ/FQwTwdmvtltBb9JspWXY4tS2ZimRtFfWBJW6T35r6x8TzRK6eDVHpLLEzeJs1jCvqqTXWH0RJgQRA==",
      "license": "BSD-3-Clause",
      "engines": {
        "node": ">=18"
      }
    },
    "node_modules/@digitalbazaar/vc-status-list-context": {
      "version": "3.1.1",
      "resolved": "https://registry.npmjs.org/@digitalbazaar/vc-status-list-context/-/vc-status-list-context-3.1.1.tgz",
      "integrity": "sha512-cMVtd+EV+4KN2kUG4/vsV74JVsGE6dcpod6zRoFB/AJA2W/sZbJqR44KL3G6P262+GcAECNhtnSsKsTnQ6y8+w==",
      "license": "BSD-3-Clause"
    },
    "node_modules/@digitalbazaar/x25519-key-agreement-key-2020": {
      "version": "3.0.1",
      "resolved": "https://registry.npmjs.org/@digitalbazaar/x25519-key-agreement-key-2020/-/x25519-key-agreement-key-2020-3.0.1.tgz",
      "integrity": "sha512-GmpPEc3ZD/7fz3St38ELa8qgJzjfTxCJi7cwAYPAcZ8Iynldj8sSf2hIblYjjlB82pIENhyXLQHcIALluGcrqA==",
      "license": "BSD-3-Clause",
      "dependencies": {
        "@noble/ed25519": "^1.6.0",
        "base58-universal": "^2.0.0",
        "crypto-ld": "^7.0.0",
        "tweetnacl": "^1.0.3"
      },
      "engines": {
        "node": ">=14"
      }
    },
    "node_modules/@digitalbazaar/zcap-context": {
      "version": "2.0.1",
      "resolved": "https://registry.npmjs.org/@digitalbazaar/zcap-context/-/zcap-context-2.0.1.tgz",
      "integrity": "sha512-H+5O2QP5XJZuP8D4T2hZStxK3+ynu/yamvQKUTVNTiqAXeWshmEthSTMrX8aS5edgOtJjvdNUNuJ5mePW/DPcQ==",
      "license": "BSD-3-Clause",
      "engines": {
        "node": ">=18"
      }
    },
    "node_modules/@digitalcredentials/credentials-v2-context": {
      "version": "1.0.0",
      "resolved": "https://registry.npmjs.org/@digitalcredentials/credentials-v2-context/-/credentials-v2-context-1.0.0.tgz",
      "integrity": "sha512-n+zBS+fYlKfvDmt8jdpB6n6p2JRLo6v6A2BGLVmbqzHFvfdQZXS+t489TWipFmi5g3FV12/bDCILUpCrqswDvg==",
      "license": "BSD-3-Clause",
      "engines": {
        "node": ">=18"
      }
    },
    "node_modules/@digitalcredentials/open-badges-context": {
      "version": "3.0.0",
      "resolved": "https://registry.npmjs.org/@digitalcredentials/open-badges-context/-/open-badges-context-3.0.0.tgz",
      "integrity": "sha512-pyXirpq29gy+NIaTBozDEm7nk1Oh8Yqie2WR0JuIqRX0ePCbiFeMv2uPEP3TXzyh1Jz++28fD+qjNojlhUmiIw==",
      "license": "MIT"
    },
    "node_modules/@interop/bnid": {
      "version": "6.0.2",
      "resolved": "https://registry.npmjs.org/@interop/bnid/-/bnid-6.0.2.tgz",
      "integrity": "sha512-yQ5Xkj5ccFMdQc+pIGvbg9tpIgxM8oLvjxImqKplg2twosi9/L5Q4q0ZiCOy3jUo3LgV5H9M99nOutOE70DJjg==",
      "license": "BSD-3-Clause",
      "dependencies": {
        "@scure/base": "^2.2.0"
      },
      "engines": {
        "node": ">=24.0"
      },
      "peerDependencies": {
        "react-native-get-random-values": ">=1.8.0"
      },
      "peerDependenciesMeta": {
        "react-native-get-random-values": {
          "optional": true
        }
      }
    },
    "node_modules/@interop/data-integrity-core": {
      "version": "8.7.1",
      "resolved": "https://registry.npmjs.org/@interop/data-integrity-core/-/data-integrity-core-8.7.1.tgz",
      "integrity": "sha512-KD/AFAfnsDVa7Kz3yzx0t/L1A+GlFI0RahbtXsfzcznRlN63fPZCJ6W3C+unPyksCYsILZIHcOFFJkZe6eKtkw==",
      "license": "MIT",
      "dependencies": {
        "@scure/base": "^2.3.0"
      },
      "engines": {
        "node": ">=24.0"
      }
    },
    "node_modules/@interop/data-integrity-proof": {
      "version": "3.4.5",
      "resolved": "https://registry.npmjs.org/@interop/data-integrity-proof/-/data-integrity-proof-3.4.5.tgz",
      "integrity": "sha512-AhZGbtvyiGzKBEPErjyrryS9OZ37o0TF7iEziFswzWCzu4P5oYUf/clOZdwrzjZCQKf7h8Kt1I03UUm+nRk5aQ==",
      "license": "MIT",
      "dependencies": {
        "@interop/data-integrity-core": "^8.7.1",
        "@interop/jsonld-signatures": "^11.8.5",
        "@noble/hashes": "^2.2.0",
        "@scure/base": "^2.2.0"
      },
      "engines": {
        "node": ">=24.0"
      }
    },
    "node_modules/@interop/did-io": {
      "version": "4.1.1",
      "resolved": "https://registry.npmjs.org/@interop/did-io/-/did-io-4.1.1.tgz",
      "integrity": "sha512-uD5cnRLoDq5TJWNYASv3HomQXr2xW2TanQZ13TPcmRRo+r8QGPn/DY10kiXw+FYArrUorn8xxjsSSw7C2zS94w==",
      "license": "BSD-3-Clause",
      "dependencies": {
        "@interop/data-integrity-core": "^8.7.1",
        "@interop/lru-memoize": "^4.0.3"
      },
      "engines": {
        "node": ">=24.0"
      }
    },
    "node_modules/@interop/did-method-key": {
      "version": "7.3.5",
      "resolved": "https://registry.npmjs.org/@interop/did-method-key/-/did-method-key-7.3.5.tgz",
      "integrity": "sha512-gJqAjJFW+PgNxwGpLVTisYENxNrZicyUGVhiHKIt02qcgSJZxS6XH/i9FtNoOLqD3uhc2cpwLzC+fdQTHZQPhA==",
      "license": "BSD-3-Clause",
      "dependencies": {
        "@digitalbazaar/x25519-key-agreement-key-2020": "^3.0.1",
        "@interop/data-integrity-core": "^8.7.1",
        "@interop/did-io": "^4.1.1",
        "@interop/ed25519-verification-key": "^8.0.4"
      },
      "engines": {
        "node": ">=24.0"
      }
    },
    "node_modules/@interop/did-web-resolver": {
      "version": "6.3.1",
      "resolved": "https://registry.npmjs.org/@interop/did-web-resolver/-/did-web-resolver-6.3.1.tgz",
      "integrity": "sha512-Qpa4kNUOpygwOUTOtM7Eg33Z6uE+2CQSWzw+q5bBcwKVb4edhnwLVUCz6U/7IBQRXKxQnoukMYPrhhXj/mQr9A==",
      "license": "MIT",
      "dependencies": {
        "@interop/bnid": "^6.0.2",
        "@interop/data-integrity-core": "^8.7.1",
        "@interop/did-io": "^4.1.1",
        "@interop/http-client": "^1.0.5",
        "did-context": "^3.1.1"
      },
      "engines": {
        "node": ">=24.0"
      }
    },
    "node_modules/@interop/ecdsa-multikey": {
      "version": "2.3.4",
      "resolved": "https://registry.npmjs.org/@interop/ecdsa-multikey/-/ecdsa-multikey-2.3.4.tgz",
      "integrity": "sha512-6Xsxqoe4aWEOWaFytS4AX2opNbrhd4bi4JMqNQkIIDs7dCLqqNGbX4UhG9jjoHS1p666dWaa4xO6GWMEQ9aJZQ==",
      "license": "BSD-3-Clause",
      "dependencies": {
        "@interop/data-integrity-core": "^8.7.1",
        "@scure/base": "^2.2.0"
      },
      "engines": {
        "node": ">=24.0"
      }
    },
    "node_modules/@interop/ed25519-signature": {
      "version": "7.2.0",
      "resolved": "https://registry.npmjs.org/@interop/ed25519-signature/-/ed25519-signature-7.2.0.tgz",
      "integrity": "sha512-itcYilt1LH0xp+j/p9egUn9a2lwqkOIAhRRg+GKF1hHidexnhcErOlly79l/wMvQKAVfFNCUwnbdrPvw3svxQA==",
      "license": "BSD-3-Clause",
      "dependencies": {
        "@interop/data-integrity-core": "^8.7.1",
        "@interop/data-integrity-proof": "^3.4.5",
        "@interop/ed25519-verification-key": "^8.0.4",
        "@interop/jsonld": "^9.0.3",
        "canonicalize": "^3.0.0",
        "ed25519-signature-2020-context": "^1.1.0",
        "rdf-canonize": "^5.0.0"
      },
      "engines": {
        "node": ">=24.0"
      },
      "peerDependencies": {
        "@interop/jsonld-signatures": "^11.7.1"
      },
      "peerDependenciesMeta": {
        "@interop/jsonld-signatures": {
          "optional": true
        }
      }
    },
    "node_modules/@interop/ed25519-verification-key": {
      "version": "8.0.4",
      "resolved": "https://registry.npmjs.org/@interop/ed25519-verification-key/-/ed25519-verification-key-8.0.4.tgz",
      "integrity": "sha512-Rban9niHY+MJSj3xrgsOmhYIzHz1TjmCsqOrrsyKr+Uk+xNwK1P9QA7RoR7wwjZ98o1rkD0wTl23wga81oY7hw==",
      "license": "BSD-3-Clause",
      "dependencies": {
        "@interop/data-integrity-core": "^8.7.1",
        "@noble/ed25519": "^3.1.0",
        "@noble/hashes": "^2.2.0",
        "@scure/base": "^2.2.0"
      },
      "engines": {
        "node": ">=20"
      },
      "peerDependencies": {
        "react-native-get-random-values": ">=1.8.0"
      },
      "peerDependenciesMeta": {
        "react-native-get-random-values": {
          "optional": true
        }
      }
    },
    "node_modules/@interop/ed25519-verification-key/node_modules/@noble/ed25519": {
      "version": "3.2.0",
      "resolved": "https://registry.npmjs.org/@noble/ed25519/-/ed25519-3.2.0.tgz",
      "integrity": "sha512-criDgRlnUA09hchYrTy/JUWPIEap5rZxQe6wDWzRx51oWWpDRcUpuNzlgPxDJaOK6AsW9c0wKcj3rKRv6t+bPQ==",
      "license": "MIT",
      "funding": {
        "url": "https://paulmillr.com/funding/"
      }
    },
    "node_modules/@interop/http-client": {
      "version": "1.0.5",
      "resolved": "https://registry.npmjs.org/@interop/http-client/-/http-client-1.0.5.tgz",
      "integrity": "sha512-t/zL0+mQOjNkzj6usOv6MCOvG/HVOH1GG8Dbp03ympkf4NVOaJavBBJZuE05Xi1Sp4izmjHydDwnJLlzkZpzXQ==",
      "license": "MIT",
      "dependencies": {
        "ky": "^1.14.3",
        "undici": "^7.3.0"
      },
      "engines": {
        "node": ">=22.12"
      }
    },
    "node_modules/@interop/http-signature-header": {
      "version": "5.0.3",
      "resolved": "https://registry.npmjs.org/@interop/http-signature-header/-/http-signature-header-5.0.3.tgz",
      "integrity": "sha512-fe9waxlrnOOSxlpUeQUAHAf1bT0zTQkLF74m1i6/ok8OgMN8IkY07dsPHK6xPEQjSNASerq03spf60VHUVu9+Q==",
      "license": "BSD-3-Clause",
      "engines": {
        "node": ">=14"
      }
    },
    "node_modules/@interop/http-signature-zcap-verify": {
      "version": "12.2.2",
      "resolved": "https://registry.npmjs.org/@interop/http-signature-zcap-verify/-/http-signature-zcap-verify-12.2.2.tgz",
      "integrity": "sha512-aoEY2C1MkNGS9Sktsf+Eun1BoFkb0ZNCupBx9v1oKlFWJusmlgojsDNbvZ/0ERjO7qCUGUw/sCceOgta6lNYHA==",
      "license": "BSD-3-Clause",
      "dependencies": {
        "@interop/data-integrity-core": "^8.7.1",
        "@interop/http-signature-header": "^5.0.3",
        "@interop/zcap": "^11.1.0",
        "@scure/base": "^2.2.0",
        "pako": "^2.0.4"
      },
      "engines": {
        "node": ">=24.0"
      }
    },
    "node_modules/@interop/jsonld": {
      "version": "9.0.3",
      "resolved": "https://registry.npmjs.org/@interop/jsonld/-/jsonld-9.0.3.tgz",
      "integrity": "sha512-i25LeKC9a9GBdwVGopwGlzvTQPuq5Ssgvt/Vh3XdNhJ2yIySCZmp+XApKlL14PxnjewFUfRnBO+bpm1qiAZW/A==",
      "license": "BSD-3-Clause",
      "dependencies": {
        "@interop/http-client": "^1.0.4",
        "canonicalize": "^2.1.0",
        "lru-cache": "^6.0.0",
        "rdf-canonize": "^5.0.0"
      },
      "engines": {
        "node": ">=18"
      }
    },
    "node_modules/@interop/jsonld-signatures": {
      "version": "11.8.5",
      "resolved": "https://registry.npmjs.org/@interop/jsonld-signatures/-/jsonld-signatures-11.8.5.tgz",
      "integrity": "sha512-T1oOEeOaTxjrpX9iqHF2SrJg0Aqutk+rSOX9w0JAucM87nmhFalismAE5cQa85oQhvCg6O1kz7RLMRAhMR+SpA==",
      "license": "BSD-3-Clause",
      "dependencies": {
        "@digitalbazaar/security-context": "^1.0.1",
        "@interop/data-integrity-core": "^8.7.1",
        "@interop/jsonld": "^9.0.3",
        "fast-text-encoding": "^1.0.6",
        "rdf-canonize": "^5.0.0",
        "serialize-error": "^8.1.0"
      },
      "engines": {
        "node": ">=18"
      }
    },
    "node_modules/@interop/jsonld/node_modules/canonicalize": {
      "version": "2.1.0",
      "resolved": "https://registry.npmjs.org/canonicalize/-/canonicalize-2.1.0.tgz",
      "integrity": "sha512-F705O3xrsUtgt98j7leetNhTWPe+5S72rlL5O4jA1pKqBVQ/dT1O1D6PFxmSXvc0SUOinWS57DKx0I3CHrXJHQ==",
      "license": "Apache-2.0",
      "bin": {
        "canonicalize": "bin/canonicalize.js"
      }
    },
    "node_modules/@interop/lru-memoize": {
      "version": "4.0.3",
      "resolved": "https://registry.npmjs.org/@interop/lru-memoize/-/lru-memoize-4.0.3.tgz",
      "integrity": "sha512-6c8dnoQNIiL25Q4YovC1a44mREO1lzW3F/lmvdwbAMMbhtGGRoQeqo1H4diwNhBzaxRrUMXrAIwbM26POmI/Yg==",
      "license": "MIT",
      "dependencies": {
        "lru-cache": "^11.5.0"
      },
      "engines": {
        "node": ">=24.0"
      }
    },
    "node_modules/@interop/lru-memoize/node_modules/lru-cache": {
      "version": "11.5.2",
      "resolved": "https://registry.npmjs.org/lru-cache/-/lru-cache-11.5.2.tgz",
      "integrity": "sha512-4pfM1Ff0x50o0tQwb5ucw/RzNyD0/YJME6IVcStalZuMWxdt3sR3huStTtxz4PUmvZfRguvDejasvQ2kifR11g==",
      "license": "BlueOak-1.0.0",
      "engines": {
        "node": "20 || >=22"
      }
    },
    "node_modules/@interop/security-document-loader": {
      "version": "10.0.4",
      "resolved": "https://registry.npmjs.org/@interop/security-document-loader/-/security-document-loader-10.0.4.tgz",
      "integrity": "sha512-hk2pTGOiSuG0BEB6mzT+HF7RvgcBDnNEc3tJJVndjfqxHVHt57Cx8p2aguQ7GpCy+6s0EW2yxqLgwvxGvwI0SQ==",
      "license": "MIT",
      "dependencies": {
        "@digitalbazaar/data-integrity-context": "^2.0.1",
        "@digitalbazaar/multikey-context": "^2.0.1",
        "@digitalbazaar/vc-bitstring-status-list-context": "^1.1.0",
        "@digitalbazaar/vc-status-list-context": "^3.1.1",
        "@digitalbazaar/zcap-context": "^2.0.1",
        "@digitalcredentials/credentials-v2-context": "^1.0.0",
        "@digitalcredentials/open-badges-context": "^3.0.0",
        "@interop/data-integrity-core": "^8.7.1",
        "@interop/did-io": "^4.1.1",
        "@interop/did-method-key": "^7.3.5",
        "@interop/did-web-resolver": "^6.3.1",
        "@interop/ecdsa-multikey": "^2.3.4",
        "@interop/ed25519-verification-key": "^8.0.4",
        "@interop/http-client": "^1.0.5",
        "aes-key-wrapping-2019-context": "^1.0.3",
        "credentials-context": "^2.0.0",
        "did-context": "^3.1.1",
        "ed25519-signature-2020-context": "^1.1.0",
        "html-entities": "^2.6.0",
        "jsonld-document-loader": "^2.3.0",
        "sha256-hmac-key-2019-context": "^1.0.3",
        "x25519-key-agreement-2020-context": "^1.0.0"
      },
      "engines": {
        "node": ">=24.0"
      }
    },
    "node_modules/@interop/zcap": {
      "version": "11.1.0",
      "resolved": "https://registry.npmjs.org/@interop/zcap/-/zcap-11.1.0.tgz",
      "integrity": "sha512-Y0C6RqHnR5fhgXGr0qBWsTfIYBKp+5yMWS3sUdF759IFPJQQslWHo5RwZOiqmhtY4q6PSAmnoQbCed9G1cPkqQ==",
      "license": "BSD-3-Clause",
      "dependencies": {
        "@digitalbazaar/zcap-context": "^2.0.1",
        "@interop/data-integrity-core": "^8.7.1",
        "@interop/jsonld-signatures": "^11.8.5"
      },
      "engines": {
        "node": ">=24.0"
      }
    },
    "node_modules/@noble/ed25519": {
      "version": "1.7.5",
      "resolved": "https://registry.npmjs.org/@noble/ed25519/-/ed25519-1.7.5.tgz",
      "integrity": "sha512-xuS0nwRMQBvSxDa7UxMb61xTiH3MxTgUfhyPUALVIe0FlOAz4sjELwyDRyUvqeEYfRSG9qNjFIycqLZppg4RSA==",
      "funding": [
        {
          "type": "individual",
          "url": "https://paulmillr.com/funding/"
        }
      ],
      "license": "MIT"
    },
    "node_modules/@noble/hashes": {
      "version": "2.4.0",
      "resolved": "https://registry.npmjs.org/@noble/hashes/-/hashes-2.4.0.tgz",
      "integrity": "sha512-X5XaVWZIBCT7HHZGm5I7ZQXDwLG+bGXuSrMQAW+7Zvl87h1kmc1ZB1VSRJcpUfoUrGQp4Fkoxm5kZ+Ms+aW+eA==",
      "license": "MIT",
      "engines": {
        "node": ">= 20.19.0"
      },
      "funding": {
        "url": "https://paulmillr.com/funding/"
      }
    },
    "node_modules/@scure/base": {
      "version": "2.4.0",
      "resolved": "https://registry.npmjs.org/@scure/base/-/base-2.4.0.tgz",
      "integrity": "sha512-thZ1TuJwFwBblOhgsjDKvvGirBxNp+wSvY/DR6tJBJOTDhdAAcHJ8Vbr2eFnqaxeca4+t0i9KBf+uHYGWwZORg==",
      "license": "MIT",
      "funding": {
        "url": "https://paulmillr.com/funding/"
      }
    },
    "node_modules/aes-key-wrapping-2019-context": {
      "version": "1.0.3",
      "resolved": "https://registry.npmjs.org/aes-key-wrapping-2019-context/-/aes-key-wrapping-2019-context-1.0.3.tgz",
      "integrity": "sha512-AK4zedEjlOycOtH7c8lXSiayqvZ5FWkkxEox2Vo7kUU5IAjBCPZ1p/Pkw6MF9d4SfuvfKgzlcVPlJf9lhngMrA==",
      "license": "BSD-3-Clause"
    },
    "node_modules/base58-universal": {
      "version": "2.0.0",
      "resolved": "https://registry.npmjs.org/base58-universal/-/base58-universal-2.0.0.tgz",
      "integrity": "sha512-BgkgF8zVLOAygszG4W8NkLm7iXrw80VYAOcedrzANrIhS14+4W6zVqjyGTFUBM/FpqkHUt8aAYd4DbBBfn3zKg==",
      "license": "BSD-3-Clause",
      "engines": {
        "node": ">=14"
      }
    },
    "node_modules/canonicalize": {
      "version": "3.0.0",
      "resolved": "https://registry.npmjs.org/canonicalize/-/canonicalize-3.0.0.tgz",
      "integrity": "sha512-yYLfHyDMIXRyRqsKBRLX023riFLpXY2YOfdtqKXZRZy9qsfOJ9U+4F9YZL7MEzL5+ziN2x2nlBvY/Voi3EBljA==",
      "license": "Apache-2.0",
      "bin": {
        "canonicalize": "bin/canonicalize.js"
      },
      "engines": {
        "node": ">=18"
      }
    },
    "node_modules/credentials-context": {
      "version": "2.0.0",
      "resolved": "https://registry.npmjs.org/credentials-context/-/credentials-context-2.0.0.tgz",
      "integrity": "sha512-/mFKax6FK26KjgV2KW2D4YqKgoJ5DVJpNt87X2Jc9IxT2HBMy7nEIlc+n7pEi+YFFe721XqrvZPd+jbyyBjsvQ==",
      "license": "SEE LICENSE IN LICENSE.md"
    },
    "node_modules/crypto-ld": {
      "version": "7.0.0",
      "resolved": "https://registry.npmjs.org/crypto-ld/-/crypto-ld-7.0.0.tgz",
      "integrity": "sha512-RrXy6aB0TOhSiqsgavTQt1G8mKomKIaNLb2JZxj7A/Vi0EwmXguuBQoeiAvePfK6bDR3uQbqYnaLLs4irTWwgw==",
      "license": "BSD-3-Clause",
      "engines": {
        "node": ">=14"
      }
    },
    "node_modules/did-context": {
      "version": "3.1.1",
      "resolved": "https://registry.npmjs.org/did-context/-/did-context-3.1.1.tgz",
      "integrity": "sha512-iFpszgSxc7d1kNBJWC+PAzNTpe5LPalzsIunTMIpbG3O37Q7Zi7u4iIaedaM7UhziBhT+Agr9DyvAiXSUyfepQ==",
      "license": "SEE LICENSE IN LICENSE.md"
    },
    "node_modules/ed25519-signature-2020-context": {
      "version": "1.1.0",
      "resolved": "https://registry.npmjs.org/ed25519-signature-2020-context/-/ed25519-signature-2020-context-1.1.0.tgz",
      "integrity": "sha512-dBGSmoUIK6h2vadDctrDnhhTO01PR2hJk0mRNEfrRDPCjaIwrfy4J+eziEQ9Q1m8By4f/CSRgKM1h53ydKfdNg==",
      "license": "BSD-3-Clause"
    },
    "node_modules/fast-text-encoding": {
      "version": "1.0.6",
      "resolved": "https://registry.npmjs.org/fast-text-encoding/-/fast-text-encoding-1.0.6.tgz",
      "integrity": "sha512-VhXlQgj9ioXCqGstD37E/HBeqEGV/qOD/kmbVG8h5xKBYvM1L3lR1Zn4555cQ8GkYbJa8aJSipLPndE1k6zK2w==",
      "license": "Apache-2.0"
    },
    "node_modules/html-entities": {
      "version": "2.6.0",
      "resolved": "https://registry.npmjs.org/html-entities/-/html-entities-2.6.0.tgz",
      "integrity": "sha512-kig+rMn/QOVRvr7c86gQ8lWXq+Hkv6CbAH1hLu+RG338StTpE8Z0b44SDVaqVu7HGKf27frdmUYEs9hTUX/cLQ==",
      "funding": [
        {
          "type": "github",
          "url": "https://github.com/sponsors/mdevils"
        },
        {
          "type": "patreon",
          "url": "https://patreon.com/mdevils"
        }
      ],
      "license": "MIT"
    },
    "node_modules/jsonld-document-loader": {
      "version": "2.3.0",
      "resolved": "https://registry.npmjs.org/jsonld-document-loader/-/jsonld-document-loader-2.3.0.tgz",
      "integrity": "sha512-u06N5O5sCewgXyxFnnRSm0w3o47ps834QjYzpOMc13Nq+AJQd/JGYrW/WZnz5D+8NEvnKXph7AFi6MA7ZJ8Q0Q==",
      "license": "BSD-3-Clause",
      "engines": {
        "node": ">=18"
      }
    },
    "node_modules/ky": {
      "version": "1.14.3",
      "resolved": "https://registry.npmjs.org/ky/-/ky-1.14.3.tgz",
      "integrity": "sha512-9zy9lkjac+TR1c2tG+mkNSVlyOpInnWdSMiue4F+kq8TwJSgv6o8jhLRg8Ho6SnZ9wOYUq/yozts9qQCfk7bIw==",
      "license": "MIT",
      "engines": {
        "node": ">=18"
      },
      "funding": {
        "url": "https://github.com/sindresorhus/ky?sponsor=1"
      }
    },
    "node_modules/lru-cache": {
      "version": "6.0.0",
      "resolved": "https://registry.npmjs.org/lru-cache/-/lru-cache-6.0.0.tgz",
      "integrity": "sha512-Jo6dJ04CmSjuznwJSS3pUeWmd/H0ffTlkXXgwZi+eq1UCmqQwCh+eLsYOYCwY991i2Fah4h1BEMCx4qThGbsiA==",
      "license": "ISC",
      "dependencies": {
        "yallist": "^4.0.0"
      },
      "engines": {
        "node": ">=10"
      }
    },
    "node_modules/pako": {
      "version": "2.2.0",
      "resolved": "https://registry.npmjs.org/pako/-/pako-2.2.0.tgz",
      "integrity": "sha512-zJq6RP/5q+TO2OpFV3FHzlPnFjmkb7Nc99a5SNjJE+uu/PkpChs+NIZSSzbBoD+6kjiISXjfYdwj1ZRQ81dz/w==",
      "funding": [
        {
          "type": "github",
          "url": "https://github.com/sponsors/puzrin"
        },
        {
          "type": "github",
          "url": "https://github.com/sponsors/nodeca"
        }
      ],
      "license": "(MIT AND Zlib)"
    },
    "node_modules/rdf-canonize": {
      "version": "5.0.0",
      "resolved": "https://registry.npmjs.org/rdf-canonize/-/rdf-canonize-5.0.0.tgz",
      "integrity": "sha512-g8OUrgMXAR9ys/ZuJVfBr05sPPoMA7nHIVs8VEvg9QwM5W4GR2qSFEEHjsyHF1eWlBaf8Ev40WNjQFQ+nJTO3w==",
      "license": "BSD-3-Clause",
      "dependencies": {
        "setimmediate": "^1.0.5"
      },
      "engines": {
        "node": ">=18"
      }
    },
    "node_modules/serialize-error": {
      "version": "8.1.0",
      "resolved": "https://registry.npmjs.org/serialize-error/-/serialize-error-8.1.0.tgz",
      "integrity": "sha512-3NnuWfM6vBYoy5gZFvHiYsVbafvI9vZv/+jlIigFn4oP4zjNPK3LhcY0xSCgeb1a5L8jO71Mit9LlNoi2UfDDQ==",
      "license": "MIT",
      "dependencies": {
        "type-fest": "^0.20.2"
      },
      "engines": {
        "node": ">=10"
      },
      "funding": {
        "url": "https://github.com/sponsors/sindresorhus"
      }
    },
    "node_modules/setimmediate": {
      "version": "1.0.5",
      "resolved": "https://registry.npmjs.org/setimmediate/-/setimmediate-1.0.5.tgz",
      "integrity": "sha512-MATJdZp8sLqDl/68LfQmbP8zKPLQNV6BIZoIgrscFDQ+RsvK/BxeDQOgyxKKoh0y/8h3BqVFnCqQ/gd+reiIXA==",
      "license": "MIT"
    },
    "node_modules/sha256-hmac-key-2019-context": {
      "version": "1.0.3",
      "resolved": "https://registry.npmjs.org/sha256-hmac-key-2019-context/-/sha256-hmac-key-2019-context-1.0.3.tgz",
      "integrity": "sha512-DoJx5HPDB56ZIUEDUR+uVgSqUOZ8nzvMTVWllP6gKHN3BUxfz9h3Yy+AJIMnfJCpxmQbcqCTj7ptwKkbCIDLAA==",
      "license": "BSD-3-Clause"
    },
    "node_modules/tweetnacl": {
      "version": "1.0.3",
      "resolved": "https://registry.npmjs.org/tweetnacl/-/tweetnacl-1.0.3.tgz",
      "integrity": "sha512-6rt+RN7aOi1nGMyC4Xa5DdYiukl2UWCbcJft7YhxReBGQD7OAM8Pbxw6YMo4r2diNEA8FEmu32YOn9rhaiE5yw==",
      "license": "Unlicense"
    },
    "node_modules/type-fest": {
      "version": "0.20.2",
      "resolved": "https://registry.npmjs.org/type-fest/-/type-fest-0.20.2.tgz",
      "integrity": "sha512-Ne+eE4r0/iWnpAxD852z3A+N0Bt5RN//NjJwRd2VFHEmrywxf5vsZlh4R6lixl6B+wz/8d+maTSAkN1FIkI3LQ==",
      "license": "(MIT OR CC0-1.0)",
      "engines": {
        "node": ">=10"
      },
      "funding": {
        "url": "https://github.com/sponsors/sindresorhus"
      }
    },
    "node_modules/undici": {
      "version": "7.29.0",
      "resolved": "https://registry.npmjs.org/undici/-/undici-7.29.0.tgz",
      "integrity": "sha512-IDxfleLmmbSskfWSUATiN1nfn2rDuvnMOqb5CWR92iIfojA0Ud+ulOAAEQ57LPr9rWmsreUyf5lwyao+7GNNVw==",
      "license": "MIT",
      "engines": {
        "node": ">=20.18.1"
      }
    },
    "node_modules/x25519-key-agreement-2020-context": {
      "version": "1.0.0",
      "resolved": "https://registry.npmjs.org/x25519-key-agreement-2020-context/-/x25519-key-agreement-2020-context-1.0.0.tgz",
      "integrity": "sha512-zblYd8oSg6hNAD+fA9X7ek1hJQRircl3jVlEVCaBTNN9Mv9b4G32uJvRZFMQEMmda8iaTtYo9i2dRMdXX8pjpA==",
      "license": "BSD-3-Clause"
    },
    "node_modules/yallist": {
      "version": "4.0.0",
      "resolved": "https://registry.npmjs.org/yallist/-/yallist-4.0.0.tgz",
      "integrity": "sha512-3wdGidZyq5PB084XLES5TpOSRA3wjXAlIWMhum2kRcv/41Sn2emQ0dycQW4uZXLejwKvg6EsvbdlVL+FYEct7A==",
      "license": "ISC"
    }
  }
}
