{
  "name": "was-test-events",
  "version": "1.0.0",
  "lockfileVersion": 3,
  "requires": true,
  "packages": {
    "": {
      "name": "was-test-events",
      "version": "1.0.0",
      "dependencies": {
        "@interop/ed25519-verification-key": "^8.0.4",
        "@interop/http-signature-zcap-invoke": "^6.2.6"
      }
    },
    "node_modules/@interop/data-integrity-core": {
      "version": "8.7.1",
      "resolved": "https://registry.npmjs.org/@interop/data-integrity-core/-/data-integrity-core-8.7.1.tgz",
      "integrity": "sha512-KD/AFAfnsDVa7Kz3yzx0t/L1A+GlFI0RahbtXsfzcznRlN63fPZCJ6W3C+unPyksCYsILZIHcOFFJkZe6eKtkw==",
      "license": "MIT",
      "dependencies": {
        "@scure/base": "^2.3.0"
      },
      "engines": {
        "node": ">=24.0"
      }
    },
    "node_modules/@interop/ed25519-verification-key": {
      "version": "8.0.4",
      "resolved": "https://registry.npmjs.org/@interop/ed25519-verification-key/-/ed25519-verification-key-8.0.4.tgz",
      "integrity": "sha512-Rban9niHY+MJSj3xrgsOmhYIzHz1TjmCsqOrrsyKr+Uk+xNwK1P9QA7RoR7wwjZ98o1rkD0wTl23wga81oY7hw==",
      "license": "BSD-3-Clause",
      "dependencies": {
        "@interop/data-integrity-core": "^8.7.1",
        "@noble/ed25519": "^3.1.0",
        "@noble/hashes": "^2.2.0",
        "@scure/base": "^2.2.0"
      },
      "engines": {
        "node": ">=20"
      },
      "peerDependencies": {
        "react-native-get-random-values": ">=1.8.0"
      },
      "peerDependenciesMeta": {
        "react-native-get-random-values": {
          "optional": true
        }
      }
    },
    "node_modules/@interop/http-digest-header": {
      "version": "3.1.0",
      "resolved": "https://registry.npmjs.org/@interop/http-digest-header/-/http-digest-header-3.1.0.tgz",
      "integrity": "sha512-rlcXBuKk9YHu2btFTIQOAOSi2FtBpL7SKQVkG4wzxpwMIa0wPIeA9hz4wj4QZrbbpqBPDGZRXXsLZ2ozEYTuaA==",
      "license": "BSD-3-Clause",
      "engines": {
        "node": ">=24.0"
      },
      "peerDependencies": {
        "expo-crypto": ">=13"
      },
      "peerDependenciesMeta": {
        "expo-crypto": {
          "optional": true
        }
      }
    },
    "node_modules/@interop/http-signature-header": {
      "version": "5.0.3",
      "resolved": "https://registry.npmjs.org/@interop/http-signature-header/-/http-signature-header-5.0.3.tgz",
      "integrity": "sha512-fe9waxlrnOOSxlpUeQUAHAf1bT0zTQkLF74m1i6/ok8OgMN8IkY07dsPHK6xPEQjSNASerq03spf60VHUVu9+Q==",
      "license": "BSD-3-Clause",
      "engines": {
        "node": ">=14"
      }
    },
    "node_modules/@interop/http-signature-zcap-invoke": {
      "version": "6.2.6",
      "resolved": "https://registry.npmjs.org/@interop/http-signature-zcap-invoke/-/http-signature-zcap-invoke-6.2.6.tgz",
      "integrity": "sha512-GE4+yi+uvBN+6XDNASOavZfauZGUDF9GupmNtzZc2Lv/Wr2kdeqoIrw4Jkl/iVnuwkt37AccVqKI7K9EOER/tw==",
      "license": "BSD-3-Clause",
      "dependencies": {
        "@interop/data-integrity-core": "^8.7.1",
        "@interop/http-digest-header": "^3.1.0",
        "@interop/http-signature-header": "^5.0.3",
        "pako": "^2.1.0"
      },
      "engines": {
        "node": ">=20"
      }
    },
    "node_modules/@noble/ed25519": {
      "version": "3.2.0",
      "resolved": "https://registry.npmjs.org/@noble/ed25519/-/ed25519-3.2.0.tgz",
      "integrity": "sha512-criDgRlnUA09hchYrTy/JUWPIEap5rZxQe6wDWzRx51oWWpDRcUpuNzlgPxDJaOK6AsW9c0wKcj3rKRv6t+bPQ==",
      "license": "MIT",
      "funding": {
        "url": "https://paulmillr.com/funding/"
      }
    },
    "node_modules/@noble/hashes": {
      "version": "2.4.0",
      "resolved": "https://registry.npmjs.org/@noble/hashes/-/hashes-2.4.0.tgz",
      "integrity": "sha512-X5XaVWZIBCT7HHZGm5I7ZQXDwLG+bGXuSrMQAW+7Zvl87h1kmc1ZB1VSRJcpUfoUrGQp4Fkoxm5kZ+Ms+aW+eA==",
      "license": "MIT",
      "engines": {
        "node": ">= 20.19.0"
      },
      "funding": {
        "url": "https://paulmillr.com/funding/"
      }
    },
    "node_modules/@scure/base": {
      "version": "2.4.0",
      "resolved": "https://registry.npmjs.org/@scure/base/-/base-2.4.0.tgz",
      "integrity": "sha512-thZ1TuJwFwBblOhgsjDKvvGirBxNp+wSvY/DR6tJBJOTDhdAAcHJ8Vbr2eFnqaxeca4+t0i9KBf+uHYGWwZORg==",
      "license": "MIT",
      "funding": {
        "url": "https://paulmillr.com/funding/"
      }
    },
    "node_modules/pako": {
      "version": "2.2.0",
      "resolved": "https://registry.npmjs.org/pako/-/pako-2.2.0.tgz",
      "integrity": "sha512-zJq6RP/5q+TO2OpFV3FHzlPnFjmkb7Nc99a5SNjJE+uu/PkpChs+NIZSSzbBoD+6kjiISXjfYdwj1ZRQ81dz/w==",
      "funding": [
        {
          "type": "github",
          "url": "https://github.com/sponsors/puzrin"
        },
        {
          "type": "github",
          "url": "https://github.com/sponsors/nodeca"
        }
      ],
      "license": "(MIT AND Zlib)"
    }
  }
}
